// !$*UTF8*$!
{
	archiveVersion = 1;
	classes = {
	};
	objectVersion = 50;
	objects = {

/* Begin PBXBuildFile section */
		647EB1AF23C198A80025626E /* AppDelegate.swift in Sources */ = {isa = PBXBuildFile; fileRef = 647EB1AE23C198A80025626E /* AppDelegate.swift */; };
		647EB1B123C198A80025626E /* SceneDelegate.swift in Sources */ = {isa = PBXBuildFile; fileRef = 647EB1B023C198A80025626E /* SceneDelegate.swift */; };
		647EB1B323C198A80025626E /* HipsterizeViewController.swift in Sources */ = {isa = PBXBuildFile; fileRef = 647EB1B223C198A80025626E /* HipsterizeViewController.swift */; };
		647EB1B623C198A80025626E /* Main.storyboard in Resources */ = {isa = PBXBuildFile; fileRef = 647EB1B423C198A80025626E /* Main.storyboard */; };
		647EB1B823C198A90025626E /* Assets.xcassets in Resources */ = {isa = PBXBuildFile; fileRef = 647EB1B723C198A90025626E /* Assets.xcassets */; };
		647EB1BB23C198A90025626E /* LaunchScreen.storyboard in Resources */ = {isa = PBXBuildFile; fileRef = 647EB1B923C198A90025626E /* LaunchScreen.storyboard */; };
		647EB1C323C199E40025626E /* Hipsterize.swift in Sources */ = {isa = PBXBuildFile; fileRef = 647EB1C223C199E40025626E /* Hipsterize.swift */; };
/* End PBXBuildFile section */

/* Begin PBXFileReference section */
		647EB1AB23C198A80025626E /* Hipsterize.app */ = {isa = PBXFileReference; explicitFileType = wrapper.application; includeInIndex = 0; path = Hipsterize.app; sourceTree = BUILT_PRODUCTS_DIR; };
		647EB1AE23C198A80025626E /* AppDelegate.swift */ = {isa = PBXFileReference; lastKnownFileType = sourcecode.swift; path = AppDelegate.swift; sourceTree = "<group>"; };
		647EB1B023C198A80025626E /* SceneDelegate.swift */ = {isa = PBXFileReference; lastKnownFileType = sourcecode.swift; path = SceneDelegate.swift; sourceTree = "<group>"; };
		647EB1B223C198A80025626E /* HipsterizeViewController.swift */ = {isa = PBXFileReference; lastKnownFileType = sourcecode.swift; path = HipsterizeViewController.swift; sourceTree = "<group>"; };
		647EB1B523C198A80025626E /* Base */ = {isa = PBXFileReference; lastKnownFileType = file.storyboard; name = Base; path = Base.lproj/Main.storyboard; sourceTree = "<group>"; };
		647EB1B723C198A90025626E /* Assets.xcassets */ = {isa = PBXFileReference; lastKnownFileType = folder.assetcatalog; path = Assets.xcassets; sourceTree = "<group>"; };
		647EB1BA23C198A90025626E /* Base */ = {isa = PBXFileReference; lastKnownFileType = file.storyboard; name = Base; path = Base.lproj/LaunchScreen.storyboard; sourceTree = "<group>"; };
		647EB1BC23C198A90025626E /* Info.plist */ = {isa = PBXFileReference; lastKnownFileType = text.plist.xml; path = Info.plist; sourceTree = "<group>"; };
		647EB1C223C199E40025626E /* Hipsterize.swift */ = {isa = PBXFileReference; lastKnownFileType = sourcecode.swift; path = Hipsterize.swift; sourceTree = "<group>"; };
/* End PBXFileReference section */

/* Begin PBXFrameworksBuildPhase section */
		647EB1A823C198A80025626E /* Frameworks */ = {
			isa = PBXFrameworksBuildPhase;
			buildActionMask = 2147483647;
			files = (
			);
			runOnlyForDeploymentPostprocessing = 0;
		};
/* End PBXFrameworksBuildPhase section */

/* Begin PBXGroup section */
		647EB1A223C198A80025626E = {
			isa = PBXGroup;
			children = (
				647EB1AD23C198A80025626E /* Hipsterize */,
				647EB1AC23C198A80025626E /* Products */,
			);
			sourceTree = "<group>";
		};
		647EB1AC23C198A80025626E /* Products */ = {
			isa = PBXGroup;
			children = (
				647EB1AB23C198A80025626E /* Hipsterize.app */,
			);
			name = Products;
			sourceTree = "<group>";
		};
		647EB1AD23C198A80025626E /* Hipsterize */ = {
			isa = PBXGroup;
			children = (
				647EB1AE23C198A80025626E /* AppDelegate.swift */,
				647EB1B023C198A80025626E /* SceneDelegate.swift */,
				647EB1B223C198A80025626E /* HipsterizeViewController.swift */,
				647EB1C223C199E40025626E /* Hipsterize.swift */,
				647EB1B423C198A80025626E /* Main.storyboard */,
				647EB1B723C198A90025626E /* Assets.xcassets */,
				647EB1B923C198A90025626E /* LaunchScreen.storyboard */,
				647EB1BC23C198A90025626E /* Info.plist */,
			);
			path = Hipsterize;
			sourceTree = "<group>";
		};
/* End PBXGroup section */

/* Begin PBXNativeTarget section */
		647EB1AA23C198A80025626E /* Hipsterize */ = {
			isa = PBXNativeTarget;
			buildConfigurationList = 647EB1BF23C198A90025626E /* Build configuration list for PBXNativeTarget "Hipsterize" */;
			buildPhases = (
				647EB1A723C198A80025626E /* Sources */,
				647EB1A823C198A80025626E /* Frameworks */,
				647EB1A923C198A80025626E /* Resources */,
			);
			buildRules = (
			);
			dependencies = (
			);
			name = Hipsterize;
			productName = Hipsterize;
			productReference = 647EB1AB23C198A80025626E /* Hipsterize.app */;
			productType = "com.apple.product-type.application";
		};
/* End PBXNativeTarget section */

/* Begin PBXProject section */
		647EB1A323C198A80025626E /* Project object */ = {
			isa = PBXProject;
			attributes = {
				LastSwiftUpdateCheck = 1130;
				LastUpgradeCheck = 1130;
				ORGANIZATIONNAME = WangXingbin;
				TargetAttributes = {
					647EB1AA23C198A80025626E = {
						CreatedOnToolsVersion = 11.3;
					};
				};
			};
			buildConfigurationList = 647EB1A623C198A80025626E /* Build configuration list for PBXProject "Hipsterize" */;
			compatibilityVersion = "Xcode 9.3";
			developmentRegion = en;
			hasScannedForEncodings = 0;
			knownRegions = (
				en,
				Base,
			);
			mainGroup = 647EB1A223C198A80025626E;
			productRefGroup = 647EB1AC23C198A80025626E /* Products */;
			projectDirPath = "";
			projectRoot = "";
			targets = (
				647EB1AA23C198A80025626E /* Hipsterize */,
			);
		};
/* End PBXProject section */

/* Begin PBXResourcesBuildPhase section */
		647EB1A923C198A80025626E /* Resources */ = {
			isa = PBXResourcesBuildPhase;
			buildActionMask = 2147483647;
			files = (
				647EB1BB23C198A90025626E /* LaunchScreen.storyboard in Resources */,
				647EB1B823C198A90025626E /* Assets.xcassets in Resources */,
				647EB1B623C198A80025626E /* Main.storyboard in Resources */,
			);
			runOnlyForDeploymentPostprocessing = 0;
		};
/* End PBXResourcesBuildPhase section */

/* Begin PBXSourcesBuildPhase section */
		647EB1A723C198A80025626E /* Sources */ = {
			isa = PBXSourcesBuildPhase;
			buildActionMask = 2147483647;
			files = (
				647EB1B323C198A80025626E /* HipsterizeViewController.swift in Sources */,
				647EB1AF23C198A80025626E /* AppDelegate.swift in Sources */,
				647EB1C323C199E40025626E /* Hipsterize.swift in Sources */,
				647EB1B123C198A80025626E /* SceneDelegate.swift in Sources */,
			);
			runOnlyForDeploymentPostprocessing = 0;
		};
/* End PBXSourcesBuildPhase section */

/* Begin PBXVariantGroup section */
		647EB1B423C198A80025626E /* Main.storyboard */ = {
			isa = PBXVariantGroup;
			children = (
				647EB1B523C198A80025626E /* Base */,
			);
			name = Main.storyboard;
			sourceTree = "<group>";
		};
		647EB1B923C198A90025626E /* LaunchScreen.storyboard */ = {
			isa = PBXVariantGroup;
			children = (
				647EB1BA23C198A90025626E /* Base */,
			);
			name = LaunchScreen.storyboard;
			sourceTree = "<group>";
		};
/* End PBXVariantGroup section */

/* Begin XCBuildConfiguration section */
		647EB1BD23C198A90025626E /* Debug */ = {
			isa = XCBuildConfiguration;
			buildSettings = {
				ALWAYS_SEARCH_USER_PATHS = NO;
				CLANG_ANALYZER_NONNULL = YES;
				CLANG_ANALYZER_NUMBER_OBJECT_CONVERSION = YES_AGGRESSIVE;
				CLANG_CXX_LANGUAGE_STANDARD = "gnu++14";
				CLANG_CXX_LIBRARY = "libc++";
				CLANG_ENABLE_MODULES = YES;
				CLANG_ENABLE_OBJC_ARC = YES;
				CLANG_ENABLE_OBJC_WEAK = YES;
				CLANG_WARN_BLOCK_CAPTURE_AUTORELEASING = YES;
				CLANG_WARN_BOOL_CONVERSION = YES;
				CLANG_WARN_COMMA = YES;
				CLANG_WARN_CONSTANT_CONVERSION = YES;
				CLANG_WARN_DEPRECATED_OBJC_IMPLEMENTATIONS = YES;
				CLANG_WARN_DIRECT_OBJC_ISA_USAGE = YES_ERROR;
				CLANG_WARN_DOCUMENTATION_COMMENTS = YES;
				CLANG_WARN_EMPTY_BODY = YES;
				CLANG_WARN_ENUM_CONVERSION = YES;
				CLANG_WARN_INFINITE_RECURSION = YES;
				CLANG_WARN_INT_CONVERSION = YES;
				CLANG_WARN_NON_LITERAL_NULL_CONVERSION = YES;
				CLANG_WARN_OBJC_IMPLICIT_RETAIN_SELF = YES;
				CLANG_WARN_OBJC_LITERAL_CONVERSION = YES;
				CLANG_WARN_OBJC_ROOT_CLASS = YES_ERROR;
				CLANG_WARN_RANGE_LOOP_ANALYSIS = YES;
				CLANG_WARN_STRICT_PROTOTYPES = YES;
				CLANG_WARN_SUSPICIOUS_MOVE = YES;
				CLANG_WARN_UNGUARDED_AVAILABILITY = YES_AGGRESSIVE;
				CLANG_WARN_UNREACHABLE_CODE = YES;
				CLANG_WARN__DUPLICATE_METHOD_MATCH = YES;
				COPY_PHASE_STRIP = NO;
				DEBUG_INFORMATION_FORMAT = dwarf;
				ENABLE_STRICT_OBJC_MSGSEND = YES;
				ENABLE_TESTABILITY = YES;
				GCC_C_LANGUAGE_STANDARD = gnu11;
				GCC_DYNAMIC_NO_PIC = NO;
				GCC_NO_COMMON_BLOCKS = YES;
				GCC_OPTIMIZATION_LEVEL = 0;
				GCC_PREPROCESSOR_DEFINITIONS = (
					"DEBUG=1",
					"$(inherited)",
				);
				GCC_WARN_64_TO_32_BIT_CONVERSION = YES;
				GCC_WARN_ABOUT_RETURN_TYPE = YES_ERROR;
				GCC_WARN_UNDECLARED_SELECTOR = YES;
				GCC_WARN_UNINITIALIZED_AUTOS = YES_AGGRESSIVE;
				GCC_WARN_UNUSED_FUNCTION = YES;
				GCC_WARN_UNUSED_VARIABLE = YES;
				IPHONEOS_DEPLOYMENT_TARGET = 13.2;
				MTL_ENABLE_DEBUG_INFO = INCLUDE_SOURCE;
				MTL_FAST_MATH = YES;
				ONLY_ACTIVE_ARCH = YES;
				SDKROOT = iphoneos;
				SWIFT_ACTIVE_COMPILATION_CONDITIONS = DEBUG;
				SWIFT_OPTIMIZATION_LEVEL = "-Onone";
			};
			name = Debug;
		};
		647EB1BE23C198A90025626E /* Release */ = {
			isa = XCBuildConfiguration;
			buildSettings = {
				ALWAYS_SEARCH_USER_PATHS = NO;
				CLANG_ANALYZER_NONNULL = YES;
				CLANG_ANALYZER_NUMBER_OBJECT_CONVERSION = YES_AGGRESSIVE;
				CLANG_CXX_LANGUAGE_STANDARD = "gnu++14";
				CLANG_CXX_LIBRARY = "libc++";
				CLANG_ENABLE_MODULES = YES;
				CLANG_ENABLE_OBJC_ARC = YES;
				CLANG_ENABLE_OBJC_WEAK = YES;
				CLANG_WARN_BLOCK_CAPTURE_AUTORELEASING = YES;
				CLANG_WARN_BOOL_CONVERSION = YES;
				CLANG_WARN_COMMA = YES;
				CLANG_WARN_CONSTANT_CONVERSION = YES;
				CLANG_WARN_DEPRECATED_OBJC_IMPLEMENTATIONS = YES;
				CLANG_WARN_DIRECT_OBJC_ISA_USAGE = YES_ERROR;
				CLANG_WARN_DOCUMENTATION_COMMENTS = YES;
				CLANG_WARN_EMPTY_BODY = YES;
				CLANG_WARN_ENUM_CONVERSION = YES;
				CLANG_WARN_INFINITE_RECURSION = YES;
				CLANG_WARN_INT_CONVERSION = YES;
				CLANG_WARN_NON_LITERAL_NULL_CONVERSION = YES;
				CLANG_WARN_OBJC_IMPLICIT_RETAIN_SELF = YES;
				CLANG_WARN_OBJC_LITERAL_CONVERSION = YES;
				CLANG_WARN_OBJC_ROOT_CLASS = YES_ERROR;
				CLANG_WARN_RANGE_LOOP_ANALYSIS = YES;
				CLANG_WARN_STRICT_PROTOTYPES = YES;
				CLANG_WARN_SUSPICIOUS_MOVE = YES;
				CLANG_WARN_UNGUARDED_AVAILABILITY = YES_AGGRESSIVE;
				CLANG_WARN_UNREACHABLE_CODE = YES;
				CLANG_WARN__DUPLICATE_METHOD_MATCH = YES;
				COPY_PHASE_STRIP = NO;
				DEBUG_INFORMATION_FORMAT = "dwarf-with-dsym";
				ENABLE_NS_ASSERTIONS = NO;
				ENABLE_STRICT_OBJC_MSGSEND = YES;
				GCC_C_LANGUAGE_STANDARD = gnu11;
				GCC_NO_COMMON_BLOCKS = YES;
				GCC_WARN_64_TO_32_BIT_CONVERSION = YES;
				GCC_WARN_ABOUT_RETURN_TYPE = YES_ERROR;
				GCC_WARN_UNDECLARED_SELECTOR = YES;
				GCC_WARN_UNINITIALIZED_AUTOS = YES_AGGRESSIVE;
				GCC_WARN_UNUSED_FUNCTION = YES;
				GCC_WARN_UNUSED_VARIABLE = YES;
				IPHONEOS_DEPLOYMENT_TARGET = 13.2;
				MTL_ENABLE_DEBUG_INFO = NO;
				MTL_FAST_MATH = YES;
				SDKROOT = iphoneos;
				SWIFT_COMPILATION_MODE = wholemodule;
				SWIFT_OPTIMIZATION_LEVEL = "-O";
				VALIDATE_PRODUCT = YES;
			};
			name = Release;
		};
		647EB1C023C198A90025626E /* Debug */ = {
			isa = XCBuildConfiguration;
			buildSettings = {
				ASSETCATALOG_COMPILER_APPICON_NAME = AppIcon;
				CODE_SIGN_STYLE = Automatic;
				INFOPLIST_FILE = Hipsterize/Info.plist;
				LD_RUNPATH_SEARCH_PATHS = (
					"$(inherited)",
					"@executable_path/Frameworks",
				);
				PRODUCT_BUNDLE_IDENTIFIER = com.wangxingbin..Hipsterize;
				PRODUCT_NAME = "$(TARGET_NAME)";
				SWIFT_VERSION = 5.0;
				TARGETED_DEVICE_FAMILY = "1,2";
			};
			name = Debug;
		};
		647EB1C123C198A90025626E /* Release */ = {
			isa = XCBuildConfiguration;
			buildSettings = {
				ASSETCATALOG_COMPILER_APPICON_NAME = AppIcon;
				CODE_SIGN_STYLE = Automatic;
				INFOPLIST_FILE = Hipsterize/Info.plist;
				LD_RUNPATH_SEARCH_PATHS = (
					"$(inherited)",
					"@executable_path/Frameworks",
				);
				PRODUCT_BUNDLE_IDENTIFIER = com.wangxingbin..Hipsterize;
				PRODUCT_NAME = "$(TARGET_NAME)";
				SWIFT_VERSION = 5.0;
				TARGETED_DEVICE_FAMILY = "1,2";
			};
			name = Release;
		};
/* End XCBuildConfiguration section */

/* Begin XCConfigurationList section */
		647EB1A623C198A80025626E /* Build configuration list for PBXProject "Hipsterize" */ = {
			isa = XCConfigurationList;
			buildConfigurations = (
				647EB1BD23C198A90025626E /* Debug */,
				647EB1BE23C198A90025626E /* Release */,
			);
			defaultConfigurationIsVisible = 0;
			defaultConfigurationName = Release;
		};
		647EB1BF23C198A90025626E /* Build configuration list for PBXNativeTarget "Hipsterize" */ = {
			isa = XCConfigurationList;
			buildConfigurations = (
				647EB1C023C198A90025626E /* Debug */,
				647EB1C123C198A90025626E /* Release */,
			);
			defaultConfigurationIsVisible = 0;
			defaultConfigurationName = Release;
		};
/* End XCConfigurationList section */
	};
	rootObject = 647EB1A323C198A80025626E /* Project object */;
}
